
Microsoft Visual Studio Solution File, Format Version 12.00
# Visual Studio Version 17
VisualStudioVersion = 17.6.33706.43
MinimumVisualStudioVersion = 10.0.40219.1
Project("{FAE04EC0-301F-11D3-BF4B-00C04F79EFBC}") = "Kohya_lora_trainer", "Kohya_lora_trainer\Kohya_lora_trainer.csproj", "{3DC7684D-1976-4C20-A24E-A0986C2962DE}"
EndProject
Global
	GlobalSection(SolutionConfigurationPlatforms) = preSolution
		Debug|Any CPU = Debug|Any CPU
		Debug|x64 = Debug|x64
		Release|Any CPU = Release|Any CPU
		Release|x64 = Release|x64
	EndGlobalSection
	GlobalSection(ProjectConfigurationPlatforms) = postSolution
		{3DC7684D-1976-4C20-A24E-A0986C2962DE}.Debug|Any CPU.ActiveCfg = Debug|Any CPU
		{3DC7684D-1976-4C20-A24E-A0986C2962DE}.Debug|Any CPU.Build.0 = Debug|Any CPU
		{3DC7684D-1976-4C20-A24E-A0986C2962DE}.Debug|x64.ActiveCfg = Debug|x64
		{3DC7684D-1976-4C20-A24E-A0986C2962DE}.Debug|x64.Build.0 = Debug|x64
		{3DC7684D-1976-4C20-A24E-A0986C2962DE}.Release|Any CPU.ActiveCfg = Release|Any CPU
		{3DC7684D-1976-4C20-A24E-A0986C2962DE}.Release|Any CPU.Build.0 = Release|Any CPU
		{3DC7684D-1976-4C20-A24E-A0986C2962DE}.Release|x64.ActiveCfg = Release|x64
		{3DC7684D-1976-4C20-A24E-A0986C2962DE}.Release|x64.Build.0 = Release|x64
	EndGlobalSection
	GlobalSection(SolutionProperties) = preSolution
		HideSolutionNode = FALSE
	EndGlobalSection
	GlobalSection(ExtensibilityGlobals) = postSolution
		SolutionGuid = {8565F6E1-8263-4953-BCD0-5BDB4D354FD7}
	EndGlobalSection
EndGlobal
